// !$*UTF8*$!
{
	archiveVersion = 1;
	classes = {
	};
	objectVersion = 50;
	objects = {

/* Begin PBXBuildFile section */
		641BDD4724FB425D00001A24 /* AppDelegate.swift in Sources */ = {isa = PBXBuildFile; fileRef = 641BDD4624FB425D00001A24 /* AppDelegate.swift */; };
		641BDD4924FB425D00001A24 /* SceneDelegate.swift in Sources */ = {isa = PBXBuildFile; fileRef = 641BDD4824FB425D00001A24 /* SceneDelegate.swift */; };
		641BDD4B24FB425D00001A24 /* ContentView.swift in Sources */ = {isa = PBXBuildFile; fileRef = 641BDD4A24FB425D00001A24 /* ContentView.swift */; };
		641BDD4D24FB426000001A24 /* Assets.xcassets in Resources */ = {isa = PBXBuildFile; fileRef = 641BDD4C24FB426000001A24 /* Assets.xcassets */; };
		641BDD5024FB426000001A24 /* Preview Assets.xcassets in Resources */ = {isa = PBXBuildFile; fileRef = 641BDD4F24FB426000001A24 /* Preview Assets.xcassets */; };
		641BDD5324FB426000001A24 /* LaunchScreen.storyboard in Resources */ = {isa = PBXBuildFile; fileRef = 641BDD5124FB426000001A24 /* LaunchScreen.storyboard */; };
		641BDD5C24FB47A100001A24 /* OrderItem.swift in Sources */ = {isa = PBXBuildFile; fileRef = 641BDD5B24FB47A100001A24 /* OrderItem.swift */; };
		641BDD5F24FB49AB00001A24 /* OrderItemView.swift in Sources */ = {isa = PBXBuildFile; fileRef = 641BDD5E24FB49AB00001A24 /* OrderItemView.swift */; };
		641BDD6124FB4AE000001A24 /* Arrow.swift in Sources */ = {isa = PBXBuildFile; fileRef = 641BDD6024FB4AE000001A24 /* Arrow.swift */; };
		641BDD6424FB4EB500001A24 /* README.md in Resources */ = {isa = PBXBuildFile; fileRef = 641BDD6324FB4EB500001A24 /* README.md */; };
/* End PBXBuildFile section */

/* Begin PBXFileReference section */
		641BDD4324FB425D00001A24 /* EcommerceAppOrderScreen.app */ = {isa = PBXFileReference; explicitFileType = wrapper.application; includeInIndex = 0; path = EcommerceAppOrderScreen.app; sourceTree = BUILT_PRODUCTS_DIR; };
		641BDD4624FB425D00001A24 /* AppDelegate.swift */ = {isa = PBXFileReference; lastKnownFileType = sourcecode.swift; path = AppDelegate.swift; sourceTree = "<group>"; };
		641BDD4824FB425D00001A24 /* SceneDelegate.swift */ = {isa = PBXFileReference; lastKnownFileType = sourcecode.swift; path = SceneDelegate.swift; sourceTree = "<group>"; };
		641BDD4A24FB425D00001A24 /* ContentView.swift */ = {isa = PBXFileReference; lastKnownFileType = sourcecode.swift; path = ContentView.swift; sourceTree = "<group>"; };
		641BDD4C24FB426000001A24 /* Assets.xcassets */ = {isa = PBXFileReference; lastKnownFileType = folder.assetcatalog; path = Assets.xcassets; sourceTree = "<group>"; };
		641BDD4F24FB426000001A24 /* Preview Assets.xcassets */ = {isa = PBXFileReference; lastKnownFileType = folder.assetcatalog; path = "Preview Assets.xcassets"; sourceTree = "<group>"; };
		641BDD5224FB426000001A24 /* Base */ = {isa = PBXFileReference; lastKnownFileType = file.storyboard; name = Base; path = Base.lproj/LaunchScreen.storyboard; sourceTree = "<group>"; };
		641BDD5424FB426000001A24 /* Info.plist */ = {isa = PBXFileReference; lastKnownFileType = text.plist.xml; path = Info.plist; sourceTree = "<group>"; };
		641BDD5B24FB47A100001A24 /* OrderItem.swift */ = {isa = PBXFileReference; lastKnownFileType = sourcecode.swift; path = OrderItem.swift; sourceTree = "<group>"; };
		641BDD5E24FB49AB00001A24 /* OrderItemView.swift */ = {isa = PBXFileReference; lastKnownFileType = sourcecode.swift; path = OrderItemView.swift; sourceTree = "<group>"; };
		641BDD6024FB4AE000001A24 /* Arrow.swift */ = {isa = PBXFileReference; lastKnownFileType = sourcecode.swift; path = Arrow.swift; sourceTree = "<group>"; };
		641BDD6324FB4EB500001A24 /* README.md */ = {isa = PBXFileReference; lastKnownFileType = net.daringfireball.markdown; path = README.md; sourceTree = "<group>"; };
/* End PBXFileReference section */

/* Begin PBXFrameworksBuildPhase section */
		641BDD4024FB425D00001A24 /* Frameworks */ = {
			isa = PBXFrameworksBuildPhase;
			buildActionMask = 2147483647;
			files = (
			);
			runOnlyForDeploymentPostprocessing = 0;
		};
/* End PBXFrameworksBuildPhase section */

/* Begin PBXGroup section */
		641BDD3A24FB425D00001A24 = {
			isa = PBXGroup;
			children = (
				641BDD6324FB4EB500001A24 /* README.md */,
				641BDD4524FB425D00001A24 /* EcommerceAppOrderScreen */,
				641BDD4424FB425D00001A24 /* Products */,
			);
			sourceTree = "<group>";
		};
		641BDD4424FB425D00001A24 /* Products */ = {
			isa = PBXGroup;
			children = (
				641BDD4324FB425D00001A24 /* EcommerceAppOrderScreen.app */,
			);
			name = Products;
			sourceTree = "<group>";
		};
		641BDD4524FB425D00001A24 /* EcommerceAppOrderScreen */ = {
			isa = PBXGroup;
			children = (
				641BDD6224FB4C9C00001A24 /* Shapes */,
				641BDD5D24FB49A100001A24 /* Views */,
				641BDD5A24FB478700001A24 /* Models */,
				641BDD4624FB425D00001A24 /* AppDelegate.swift */,
				641BDD4824FB425D00001A24 /* SceneDelegate.swift */,
				641BDD4A24FB425D00001A24 /* ContentView.swift */,
				641BDD4C24FB426000001A24 /* Assets.xcassets */,
				641BDD5124FB426000001A24 /* LaunchScreen.storyboard */,
				641BDD5424FB426000001A24 /* Info.plist */,
				641BDD4E24FB426000001A24 /* Preview Content */,
			);
			path = EcommerceAppOrderScreen;
			sourceTree = "<group>";
		};
		641BDD4E24FB426000001A24 /* Preview Content */ = {
			isa = PBXGroup;
			children = (
				641BDD4F24FB426000001A24 /* Preview Assets.xcassets */,
			);
			path = "Preview Content";
			sourceTree = "<group>";
		};
		641BDD5A24FB478700001A24 /* Models */ = {
			isa = PBXGroup;
			children = (
				641BDD5B24FB47A100001A24 /* OrderItem.swift */,
			);
			path = Models;
			sourceTree = "<group>";
		};
		641BDD5D24FB49A100001A24 /* Views */ = {
			isa = PBXGroup;
			children = (
				641BDD5E24FB49AB00001A24 /* OrderItemView.swift */,
			);
			path = Views;
			sourceTree = "<group>";
		};
		641BDD6224FB4C9C00001A24 /* Shapes */ = {
			isa = PBXGroup;
			children = (
				641BDD6024FB4AE000001A24 /* Arrow.swift */,
			);
			path = Shapes;
			sourceTree = "<group>";
		};
/* End PBXGroup section */

/* Begin PBXNativeTarget section */
		641BDD4224FB425D00001A24 /* EcommerceAppOrderScreen */ = {
			isa = PBXNativeTarget;
			buildConfigurationList = 641BDD5724FB426000001A24 /* Build configuration list for PBXNativeTarget "EcommerceAppOrderScreen" */;
			buildPhases = (
				641BDD3F24FB425D00001A24 /* Sources */,
				641BDD4024FB425D00001A24 /* Frameworks */,
				641BDD4124FB425D00001A24 /* Resources */,
			);
			buildRules = (
			);
			dependencies = (
			);
			name = EcommerceAppOrderScreen;
			productName = EcommerceAppOrderScreen;
			productReference = 641BDD4324FB425D00001A24 /* EcommerceAppOrderScreen.app */;
			productType = "com.apple.product-type.application";
		};
/* End PBXNativeTarget section */

/* Begin PBXProject section */
		641BDD3B24FB425D00001A24 /* Project object */ = {
			isa = PBXProject;
			attributes = {
				LastSwiftUpdateCheck = 1160;
				LastUpgradeCheck = 1160;
				ORGANIZATIONNAME = "Raphael Cerqueira";
				TargetAttributes = {
					641BDD4224FB425D00001A24 = {
						CreatedOnToolsVersion = 11.6;
					};
				};
			};
			buildConfigurationList = 641BDD3E24FB425D00001A24 /* Build configuration list for PBXProject "EcommerceAppOrderScreen" */;
			compatibilityVersion = "Xcode 9.3";
			developmentRegion = en;
			hasScannedForEncodings = 0;
			knownRegions = (
				en,
				Base,
			);
			mainGroup = 641BDD3A24FB425D00001A24;
			productRefGroup = 641BDD4424FB425D00001A24 /* Products */;
			projectDirPath = "";
			projectRoot = "";
			targets = (
				641BDD4224FB425D00001A24 /* EcommerceAppOrderScreen */,
			);
		};
/* End PBXProject section */

/* Begin PBXResourcesBuildPhase section */
		641BDD4124FB425D00001A24 /* Resources */ = {
			isa = PBXResourcesBuildPhase;
			buildActionMask = 2147483647;
			files = (
				641BDD5324FB426000001A24 /* LaunchScreen.storyboard in Resources */,
				641BDD5024FB426000001A24 /* Preview Assets.xcassets in Resources */,
				641BDD6424FB4EB500001A24 /* README.md in Resources */,
				641BDD4D24FB426000001A24 /* Assets.xcassets in Resources */,
			);
			runOnlyForDeploymentPostprocessing = 0;
		};
/* End PBXResourcesBuildPhase section */

/* Begin PBXSourcesBuildPhase section */
		641BDD3F24FB425D00001A24 /* Sources */ = {
			isa = PBXSourcesBuildPhase;
			buildActionMask = 2147483647;
			files = (
				641BDD4724FB425D00001A24 /* AppDelegate.swift in Sources */,
				641BDD5C24FB47A100001A24 /* OrderItem.swift in Sources */,
				641BDD5F24FB49AB00001A24 /* OrderItemView.swift in Sources */,
				641BDD4924FB425D00001A24 /* SceneDelegate.swift in Sources */,
				641BDD4B24FB425D00001A24 /* ContentView.swift in Sources */,
				641BDD6124FB4AE000001A24 /* Arrow.swift in Sources */,
			);
			runOnlyForDeploymentPostprocessing = 0;
		};
/* End PBXSourcesBuildPhase section */

/* Begin PBXVariantGroup section */
		641BDD5124FB426000001A24 /* LaunchScreen.storyboard */ = {
			isa = PBXVariantGroup;
			children = (
				641BDD5224FB426000001A24 /* Base */,
			);
			name = LaunchScreen.storyboard;
			sourceTree = "<group>";
		};
/* End PBXVariantGroup section */

/* Begin XCBuildConfiguration section */
		641BDD5524FB426000001A24 /* Debug */ = {
			isa = XCBuildConfiguration;
			buildSettings = {
				ALWAYS_SEARCH_USER_PATHS = NO;
				CLANG_ANALYZER_NONNULL = YES;
				CLANG_ANALYZER_NUMBER_OBJECT_CONVERSION = YES_AGGRESSIVE;
				CLANG_CXX_LANGUAGE_STANDARD = "gnu++14";
				CLANG_CXX_LIBRARY = "libc++";
				CLANG_ENABLE_MODULES = YES;
				CLANG_ENABLE_OBJC_ARC = YES;
				CLANG_ENABLE_OBJC_WEAK = YES;
				CLANG_WARN_BLOCK_CAPTURE_AUTORELEASING = YES;
				CLANG_WARN_BOOL_CONVERSION = YES;
				CLANG_WARN_COMMA = YES;
				CLANG_WARN_CONSTANT_CONVERSION = YES;
				CLANG_WARN_DEPRECATED_OBJC_IMPLEMENTATIONS = YES;
				CLANG_WARN_DIRECT_OBJC_ISA_USAGE = YES_ERROR;
				CLANG_WARN_DOCUMENTATION_COMMENTS = YES;
				CLANG_WARN_EMPTY_BODY = YES;
				CLANG_WARN_ENUM_CONVERSION = YES;
				CLANG_WARN_INFINITE_RECURSION = YES;
				CLANG_WARN_INT_CONVERSION = YES;
				CLANG_WARN_NON_LITERAL_NULL_CONVERSION = YES;
				CLANG_WARN_OBJC_IMPLICIT_RETAIN_SELF = YES;
				CLANG_WARN_OBJC_LITERAL_CONVERSION = YES;
				CLANG_WARN_OBJC_ROOT_CLASS = YES_ERROR;
				CLANG_WARN_RANGE_LOOP_ANALYSIS = YES;
				CLANG_WARN_STRICT_PROTOTYPES = YES;
				CLANG_WARN_SUSPICIOUS_MOVE = YES;
				CLANG_WARN_UNGUARDED_AVAILABILITY = YES_AGGRESSIVE;
				CLANG_WARN_UNREACHABLE_CODE = YES;
				CLANG_WARN__DUPLICATE_METHOD_MATCH = YES;
				COPY_PHASE_STRIP = NO;
				DEBUG_INFORMATION_FORMAT = dwarf;
				ENABLE_STRICT_OBJC_MSGSEND = YES;
				ENABLE_TESTABILITY = YES;
				GCC_C_LANGUAGE_STANDARD = gnu11;
				GCC_DYNAMIC_NO_PIC = NO;
				GCC_NO_COMMON_BLOCKS = YES;
				GCC_OPTIMIZATION_LEVEL = 0;
				GCC_PREPROCESSOR_DEFINITIONS = (
					"DEBUG=1",
					"$(inherited)",
				);
				GCC_WARN_64_TO_32_BIT_CONVERSION = YES;
				GCC_WARN_ABOUT_RETURN_TYPE = YES_ERROR;
				GCC_WARN_UNDECLARED_SELECTOR = YES;
				GCC_WARN_UNINITIALIZED_AUTOS = YES_AGGRESSIVE;
				GCC_WARN_UNUSED_FUNCTION = YES;
				GCC_WARN_UNUSED_VARIABLE = YES;
				IPHONEOS_DEPLOYMENT_TARGET = 13.6;
				MTL_ENABLE_DEBUG_INFO = INCLUDE_SOURCE;
				MTL_FAST_MATH = YES;
				ONLY_ACTIVE_ARCH = YES;
				SDKROOT = iphoneos;
				SWIFT_ACTIVE_COMPILATION_CONDITIONS = DEBUG;
				SWIFT_OPTIMIZATION_LEVEL = "-Onone";
			};
			name = Debug;
		};
		641BDD5624FB426000001A24 /* Release */ = {
			isa = XCBuildConfiguration;
			buildSettings = {
				ALWAYS_SEARCH_USER_PATHS = NO;
				CLANG_ANALYZER_NONNULL = YES;
				CLANG_ANALYZER_NUMBER_OBJECT_CONVERSION = YES_AGGRESSIVE;
				CLANG_CXX_LANGUAGE_STANDARD = "gnu++14";
				CLANG_CXX_LIBRARY = "libc++";
				CLANG_ENABLE_MODULES = YES;
				CLANG_ENABLE_OBJC_ARC = YES;
				CLANG_ENABLE_OBJC_WEAK = YES;
				CLANG_WARN_BLOCK_CAPTURE_AUTORELEASING = YES;
				CLANG_WARN_BOOL_CONVERSION = YES;
				CLANG_WARN_COMMA = YES;
				CLANG_WARN_CONSTANT_CONVERSION = YES;
				CLANG_WARN_DEPRECATED_OBJC_IMPLEMENTATIONS = YES;
				CLANG_WARN_DIRECT_OBJC_ISA_USAGE = YES_ERROR;
				CLANG_WARN_DOCUMENTATION_COMMENTS = YES;
				CLANG_WARN_EMPTY_BODY = YES;
				CLANG_WARN_ENUM_CONVERSION = YES;
				CLANG_WARN_INFINITE_RECURSION = YES;
				CLANG_WARN_INT_CONVERSION = YES;
				CLANG_WARN_NON_LITERAL_NULL_CONVERSION = YES;
				CLANG_WARN_OBJC_IMPLICIT_RETAIN_SELF = YES;
				CLANG_WARN_OBJC_LITERAL_CONVERSION = YES;
				CLANG_WARN_OBJC_ROOT_CLASS = YES_ERROR;
				CLANG_WARN_RANGE_LOOP_ANALYSIS = YES;
				CLANG_WARN_STRICT_PROTOTYPES = YES;
				CLANG_WARN_SUSPICIOUS_MOVE = YES;
				CLANG_WARN_UNGUARDED_AVAILABILITY = YES_AGGRESSIVE;
				CLANG_WARN_UNREACHABLE_CODE = YES;
				CLANG_WARN__DUPLICATE_METHOD_MATCH = YES;
				COPY_PHASE_STRIP = NO;
				DEBUG_INFORMATION_FORMAT = "dwarf-with-dsym";
				ENABLE_NS_ASSERTIONS = NO;
				ENABLE_STRICT_OBJC_MSGSEND = YES;
				GCC_C_LANGUAGE_STANDARD = gnu11;
				GCC_NO_COMMON_BLOCKS = YES;
				GCC_WARN_64_TO_32_BIT_CONVERSION = YES;
				GCC_WARN_ABOUT_RETURN_TYPE = YES_ERROR;
				GCC_WARN_UNDECLARED_SELECTOR = YES;
				GCC_WARN_UNINITIALIZED_AUTOS = YES_AGGRESSIVE;
				GCC_WARN_UNUSED_FUNCTION = YES;
				GCC_WARN_UNUSED_VARIABLE = YES;
				IPHONEOS_DEPLOYMENT_TARGET = 13.6;
				MTL_ENABLE_DEBUG_INFO = NO;
				MTL_FAST_MATH = YES;
				SDKROOT = iphoneos;
				SWIFT_COMPILATION_MODE = wholemodule;
				SWIFT_OPTIMIZATION_LEVEL = "-O";
				VALIDATE_PRODUCT = YES;
			};
			name = Release;
		};
		641BDD5824FB426000001A24 /* Debug */ = {
			isa = XCBuildConfiguration;
			buildSettings = {
				ASSETCATALOG_COMPILER_APPICON_NAME = AppIcon;
				CODE_SIGN_STYLE = Automatic;
				DEVELOPMENT_ASSET_PATHS = "\"EcommerceAppOrderScreen/Preview Content\"";
				ENABLE_PREVIEWS = YES;
				INFOPLIST_FILE = EcommerceAppOrderScreen/Info.plist;
				LD_RUNPATH_SEARCH_PATHS = (
					"$(inherited)",
					"@executable_path/Frameworks",
				);
				PRODUCT_BUNDLE_IDENTIFIER = io.github.rphlfc.EcommerceAppOrderScreen;
				PRODUCT_NAME = "$(TARGET_NAME)";
				SWIFT_VERSION = 5.0;
				TARGETED_DEVICE_FAMILY = "1,2";
			};
			name = Debug;
		};
		641BDD5924FB426000001A24 /* Release */ = {
			isa = XCBuildConfiguration;
			buildSettings = {
				ASSETCATALOG_COMPILER_APPICON_NAME = AppIcon;
				CODE_SIGN_STYLE = Automatic;
				DEVELOPMENT_ASSET_PATHS = "\"EcommerceAppOrderScreen/Preview Content\"";
				ENABLE_PREVIEWS = YES;
				INFOPLIST_FILE = EcommerceAppOrderScreen/Info.plist;
				LD_RUNPATH_SEARCH_PATHS = (
					"$(inherited)",
					"@executable_path/Frameworks",
				);
				PRODUCT_BUNDLE_IDENTIFIER = io.github.rphlfc.EcommerceAppOrderScreen;
				PRODUCT_NAME = "$(TARGET_NAME)";
				SWIFT_VERSION = 5.0;
				TARGETED_DEVICE_FAMILY = "1,2";
			};
			name = Release;
		};
/* End XCBuildConfiguration section */

/* Begin XCConfigurationList section */
		641BDD3E24FB425D00001A24 /* Build configuration list for PBXProject "EcommerceAppOrderScreen" */ = {
			isa = XCConfigurationList;
			buildConfigurations = (
				641BDD5524FB426000001A24 /* Debug */,
				641BDD5624FB426000001A24 /* Release */,
			);
			defaultConfigurationIsVisible = 0;
			defaultConfigurationName = Release;
		};
		641BDD5724FB426000001A24 /* Build configuration list for PBXNativeTarget "EcommerceAppOrderScreen" */ = {
			isa = XCConfigurationList;
			buildConfigurations = (
				641BDD5824FB426000001A24 /* Debug */,
				641BDD5924FB426000001A24 /* Release */,
			);
			defaultConfigurationIsVisible = 0;
			defaultConfigurationName = Release;
		};
/* End XCConfigurationList section */
	};
	rootObject = 641BDD3B24FB425D00001A24 /* Project object */;
}
